
Microsoft Visual Studio Solution File, Format Version 12.00
# Visual Studio 15
VisualStudioVersion = 15.0.28307.489
MinimumVisualStudioVersion = 10.0.40219.1
Project("{8BC9CEB8-8B4A-11D0-8D11-00A0C91BC942}") = "01poll测试服务器", "01poll测试服务器\01poll测试服务器.vcxproj", "{D16B0ECD-8C2B-47C5-8F57-1E282AB1DBAA}"
EndProject
Project("{8BC9CEB8-8B4A-11D0-8D11-00A0C91BC942}") = "02.1epoll用于读写管道", "02.1epoll用于读写管道\02.1epoll用于读写管道.vcxproj", "{67BD8A72-F5F2-4588-99D1-7842ECFA5805}"
EndProject
Project("{8BC9CEB8-8B4A-11D0-8D11-00A0C91BC942}") = "02.2epoll用于读写管道", "02.2epoll用于读写管道\02.2epoll用于读写管道.vcxproj", "{2EC9A2FD-F54E-40E9-9158-B1ECFD933D1C}"
EndProject
Project("{8BC9CEB8-8B4A-11D0-8D11-00A0C91BC942}") = "03epoll服务器测试", "03epoll服务器测试\03epoll服务器测试.vcxproj", "{313672E4-27B9-4653-8EC5-D8E981C3A3B8}"
EndProject
Project("{8BC9CEB8-8B4A-11D0-8D11-00A0C91BC942}") = "04压测", "04压测\04压测.vcxproj", "{200C2DBA-7CBC-4212-BE05-986FDC7A3F0D}"
EndProject
Global
	GlobalSection(SolutionConfigurationPlatforms) = preSolution
		Debug|ARM = Debug|ARM
		Debug|ARM64 = Debug|ARM64
		Debug|x64 = Debug|x64
		Debug|x86 = Debug|x86
		Release|ARM = Release|ARM
		Release|ARM64 = Release|ARM64
		Release|x64 = Release|x64
		Release|x86 = Release|x86
	EndGlobalSection
	GlobalSection(ProjectConfigurationPlatforms) = postSolution
		{D16B0ECD-8C2B-47C5-8F57-1E282AB1DBAA}.Debug|ARM.ActiveCfg = Debug|ARM
		{D16B0ECD-8C2B-47C5-8F57-1E282AB1DBAA}.Debug|ARM.Build.0 = Debug|ARM
		{D16B0ECD-8C2B-47C5-8F57-1E282AB1DBAA}.Debug|ARM64.ActiveCfg = Debug|ARM64
		{D16B0ECD-8C2B-47C5-8F57-1E282AB1DBAA}.Debug|ARM64.Build.0 = Debug|ARM64
		{D16B0ECD-8C2B-47C5-8F57-1E282AB1DBAA}.Debug|x64.ActiveCfg = Debug|x64
		{D16B0ECD-8C2B-47C5-8F57-1E282AB1DBAA}.Debug|x64.Build.0 = Debug|x64
		{D16B0ECD-8C2B-47C5-8F57-1E282AB1DBAA}.Debug|x86.ActiveCfg = Debug|x86
		{D16B0ECD-8C2B-47C5-8F57-1E282AB1DBAA}.Debug|x86.Build.0 = Debug|x86
		{D16B0ECD-8C2B-47C5-8F57-1E282AB1DBAA}.Release|ARM.ActiveCfg = Release|ARM
		{D16B0ECD-8C2B-47C5-8F57-1E282AB1DBAA}.Release|ARM.Build.0 = Release|ARM
		{D16B0ECD-8C2B-47C5-8F57-1E282AB1DBAA}.Release|ARM64.ActiveCfg = Release|ARM64
		{D16B0ECD-8C2B-47C5-8F57-1E282AB1DBAA}.Release|ARM64.Build.0 = Release|ARM64
		{D16B0ECD-8C2B-47C5-8F57-1E282AB1DBAA}.Release|x64.ActiveCfg = Release|x64
		{D16B0ECD-8C2B-47C5-8F57-1E282AB1DBAA}.Release|x64.Build.0 = Release|x64
		{D16B0ECD-8C2B-47C5-8F57-1E282AB1DBAA}.Release|x86.ActiveCfg = Release|x86
		{D16B0ECD-8C2B-47C5-8F57-1E282AB1DBAA}.Release|x86.Build.0 = Release|x86
		{67BD8A72-F5F2-4588-99D1-7842ECFA5805}.Debug|ARM.ActiveCfg = Debug|ARM
		{67BD8A72-F5F2-4588-99D1-7842ECFA5805}.Debug|ARM.Build.0 = Debug|ARM
		{67BD8A72-F5F2-4588-99D1-7842ECFA5805}.Debug|ARM64.ActiveCfg = Debug|ARM64
		{67BD8A72-F5F2-4588-99D1-7842ECFA5805}.Debug|ARM64.Build.0 = Debug|ARM64
		{67BD8A72-F5F2-4588-99D1-7842ECFA5805}.Debug|x64.ActiveCfg = Debug|x64
		{67BD8A72-F5F2-4588-99D1-7842ECFA5805}.Debug|x64.Build.0 = Debug|x64
		{67BD8A72-F5F2-4588-99D1-7842ECFA5805}.Debug|x86.ActiveCfg = Debug|x86
		{67BD8A72-F5F2-4588-99D1-7842ECFA5805}.Debug|x86.Build.0 = Debug|x86
		{67BD8A72-F5F2-4588-99D1-7842ECFA5805}.Release|ARM.ActiveCfg = Release|ARM
		{67BD8A72-F5F2-4588-99D1-7842ECFA5805}.Release|ARM.Build.0 = Release|ARM
		{67BD8A72-F5F2-4588-99D1-7842ECFA5805}.Release|ARM64.ActiveCfg = Release|ARM64
		{67BD8A72-F5F2-4588-99D1-7842ECFA5805}.Release|ARM64.Build.0 = Release|ARM64
		{67BD8A72-F5F2-4588-99D1-7842ECFA5805}.Release|x64.ActiveCfg = Release|x64
		{67BD8A72-F5F2-4588-99D1-7842ECFA5805}.Release|x64.Build.0 = Release|x64
		{67BD8A72-F5F2-4588-99D1-7842ECFA5805}.Release|x86.ActiveCfg = Release|x86
		{67BD8A72-F5F2-4588-99D1-7842ECFA5805}.Release|x86.Build.0 = Release|x86
		{2EC9A2FD-F54E-40E9-9158-B1ECFD933D1C}.Debug|ARM.ActiveCfg = Debug|ARM
		{2EC9A2FD-F54E-40E9-9158-B1ECFD933D1C}.Debug|ARM.Build.0 = Debug|ARM
		{2EC9A2FD-F54E-40E9-9158-B1ECFD933D1C}.Debug|ARM64.ActiveCfg = Debug|ARM64
		{2EC9A2FD-F54E-40E9-9158-B1ECFD933D1C}.Debug|ARM64.Build.0 = Debug|ARM64
		{2EC9A2FD-F54E-40E9-9158-B1ECFD933D1C}.Debug|x64.ActiveCfg = Debug|x64
		{2EC9A2FD-F54E-40E9-9158-B1ECFD933D1C}.Debug|x64.Build.0 = Debug|x64
		{2EC9A2FD-F54E-40E9-9158-B1ECFD933D1C}.Debug|x86.ActiveCfg = Debug|x86
		{2EC9A2FD-F54E-40E9-9158-B1ECFD933D1C}.Debug|x86.Build.0 = Debug|x86
		{2EC9A2FD-F54E-40E9-9158-B1ECFD933D1C}.Release|ARM.ActiveCfg = Release|ARM
		{2EC9A2FD-F54E-40E9-9158-B1ECFD933D1C}.Release|ARM.Build.0 = Release|ARM
		{2EC9A2FD-F54E-40E9-9158-B1ECFD933D1C}.Release|ARM64.ActiveCfg = Release|ARM64
		{2EC9A2FD-F54E-40E9-9158-B1ECFD933D1C}.Release|ARM64.Build.0 = Release|ARM64
		{2EC9A2FD-F54E-40E9-9158-B1ECFD933D1C}.Release|x64.ActiveCfg = Release|x64
		{2EC9A2FD-F54E-40E9-9158-B1ECFD933D1C}.Release|x64.Build.0 = Release|x64
		{2EC9A2FD-F54E-40E9-9158-B1ECFD933D1C}.Release|x86.ActiveCfg = Release|x86
		{2EC9A2FD-F54E-40E9-9158-B1ECFD933D1C}.Release|x86.Build.0 = Release|x86
		{313672E4-27B9-4653-8EC5-D8E981C3A3B8}.Debug|ARM.ActiveCfg = Debug|ARM
		{313672E4-27B9-4653-8EC5-D8E981C3A3B8}.Debug|ARM.Build.0 = Debug|ARM
		{313672E4-27B9-4653-8EC5-D8E981C3A3B8}.Debug|ARM64.ActiveCfg = Debug|ARM64
		{313672E4-27B9-4653-8EC5-D8E981C3A3B8}.Debug|ARM64.Build.0 = Debug|ARM64
		{313672E4-27B9-4653-8EC5-D8E981C3A3B8}.Debug|x64.ActiveCfg = Debug|x64
		{313672E4-27B9-4653-8EC5-D8E981C3A3B8}.Debug|x64.Build.0 = Debug|x64
		{313672E4-27B9-4653-8EC5-D8E981C3A3B8}.Debug|x86.ActiveCfg = Debug|x86
		{313672E4-27B9-4653-8EC5-D8E981C3A3B8}.Debug|x86.Build.0 = Debug|x86
		{313672E4-27B9-4653-8EC5-D8E981C3A3B8}.Release|ARM.ActiveCfg = Release|ARM
		{313672E4-27B9-4653-8EC5-D8E981C3A3B8}.Release|ARM.Build.0 = Release|ARM
		{313672E4-27B9-4653-8EC5-D8E981C3A3B8}.Release|ARM64.ActiveCfg = Release|ARM64
		{313672E4-27B9-4653-8EC5-D8E981C3A3B8}.Release|ARM64.Build.0 = Release|ARM64
		{313672E4-27B9-4653-8EC5-D8E981C3A3B8}.Release|x64.ActiveCfg = Release|x64
		{313672E4-27B9-4653-8EC5-D8E981C3A3B8}.Release|x64.Build.0 = Release|x64
		{313672E4-27B9-4653-8EC5-D8E981C3A3B8}.Release|x86.ActiveCfg = Release|x86
		{313672E4-27B9-4653-8EC5-D8E981C3A3B8}.Release|x86.Build.0 = Release|x86
		{200C2DBA-7CBC-4212-BE05-986FDC7A3F0D}.Debug|ARM.ActiveCfg = Debug|ARM
		{200C2DBA-7CBC-4212-BE05-986FDC7A3F0D}.Debug|ARM.Build.0 = Debug|ARM
		{200C2DBA-7CBC-4212-BE05-986FDC7A3F0D}.Debug|ARM64.ActiveCfg = Debug|ARM64
		{200C2DBA-7CBC-4212-BE05-986FDC7A3F0D}.Debug|ARM64.Build.0 = Debug|ARM64
		{200C2DBA-7CBC-4212-BE05-986FDC7A3F0D}.Debug|x64.ActiveCfg = Debug|x64
		{200C2DBA-7CBC-4212-BE05-986FDC7A3F0D}.Debug|x64.Build.0 = Debug|x64
		{200C2DBA-7CBC-4212-BE05-986FDC7A3F0D}.Debug|x86.ActiveCfg = Debug|x86
		{200C2DBA-7CBC-4212-BE05-986FDC7A3F0D}.Debug|x86.Build.0 = Debug|x86
		{200C2DBA-7CBC-4212-BE05-986FDC7A3F0D}.Release|ARM.ActiveCfg = Release|ARM
		{200C2DBA-7CBC-4212-BE05-986FDC7A3F0D}.Release|ARM.Build.0 = Release|ARM
		{200C2DBA-7CBC-4212-BE05-986FDC7A3F0D}.Release|ARM64.ActiveCfg = Release|ARM64
		{200C2DBA-7CBC-4212-BE05-986FDC7A3F0D}.Release|ARM64.Build.0 = Release|ARM64
		{200C2DBA-7CBC-4212-BE05-986FDC7A3F0D}.Release|x64.ActiveCfg = Release|x64
		{200C2DBA-7CBC-4212-BE05-986FDC7A3F0D}.Release|x64.Build.0 = Release|x64
		{200C2DBA-7CBC-4212-BE05-986FDC7A3F0D}.Release|x86.ActiveCfg = Release|x86
		{200C2DBA-7CBC-4212-BE05-986FDC7A3F0D}.Release|x86.Build.0 = Release|x86
	EndGlobalSection
	GlobalSection(SolutionProperties) = preSolution
		HideSolutionNode = FALSE
	EndGlobalSection
	GlobalSection(ExtensibilityGlobals) = postSolution
		SolutionGuid = {720D51D5-77BF-488B-B2E1-3A6A1AE9E4F5}
	EndGlobalSection
EndGlobal
