
Microsoft Visual Studio Solution File, Format Version 12.00
# Visual Studio 15
VisualStudioVersion = 15.0.28307.489
MinimumVisualStudioVersion = 10.0.40219.1
Project("{8BC9CEB8-8B4A-11D0-8D11-00A0C91BC942}") = "01案例：简单版线程池", "01案例：简单版线程池\01案例：简单版线程池.vcxproj", "{C45FB8D5-CC48-4D59-A483-F1B0331D1AE8}"
EndProject
Project("{8BC9CEB8-8B4A-11D0-8D11-00A0C91BC942}") = "02简单版线程池", "02简单版线程池\02简单版线程池.vcxproj", "{5B1DEF0C-4AE4-4C8C-9AD8-6767DEF3365A}"
EndProject
Project("{8BC9CEB8-8B4A-11D0-8D11-00A0C91BC942}") = "03简单版线程池2", "03简单版线程池2\03简单版线程池2.vcxproj", "{E7BB8889-DEBE-4830-9DD6-8A103994C353}"
EndProject
Project("{8BC9CEB8-8B4A-11D0-8D11-00A0C91BC942}") = "04简单版线程池3", "04简单版线程池3\04简单版线程池3.vcxproj", "{204EC705-D0B2-4C02-8770-F721B6596042}"
EndProject
Project("{8BC9CEB8-8B4A-11D0-8D11-00A0C91BC942}") = "05案例：复杂版线程池", "05案例：复杂版线程池\05案例：复杂版线程池.vcxproj", "{D047501E-348C-4C69-A8E7-38CEA396719E}"
EndProject
Project("{8BC9CEB8-8B4A-11D0-8D11-00A0C91BC942}") = "06复杂版线程池", "06复杂版线程池\06复杂版线程池.vcxproj", "{BBCED02C-A86E-4637-9C76-734C1408F068}"
EndProject
Project("{8BC9CEB8-8B4A-11D0-8D11-00A0C91BC942}") = "07信号量实现复杂版线程池", "07信号量实现复杂版线程池\07信号量实现复杂版线程池.vcxproj", "{153DF86A-4B5F-4474-BFAA-A0C41F3C1439}"
EndProject
Project("{8BC9CEB8-8B4A-11D0-8D11-00A0C91BC942}") = "08epoll反应堆线程池", "08epoll反应堆线程池\08epoll反应堆线程池.vcxproj", "{8315322F-66A6-4750-88B2-88E4A8F4FBCF}"
EndProject
Project("{8BC9CEB8-8B4A-11D0-8D11-00A0C91BC942}") = "09UDP服务端", "09UDP服务端\09UDP服务端.vcxproj", "{CA1E57F0-80A4-433F-8DF5-FE469321C8DD}"
EndProject
Project("{8BC9CEB8-8B4A-11D0-8D11-00A0C91BC942}") = "10UDP客户端", "10UDP客户端\10UDP客户端.vcxproj", "{04C0A87B-D322-4F0C-AE82-7D3187E5FFE8}"
EndProject
Project("{8BC9CEB8-8B4A-11D0-8D11-00A0C91BC942}") = "11UDP组播服务端", "11UDP组播服务端\11UDP组播服务端.vcxproj", "{C1EC4BDC-58F6-403A-B135-9870A95071C2}"
EndProject
Project("{8BC9CEB8-8B4A-11D0-8D11-00A0C91BC942}") = "12UDP组播客户端", "12UDP组播客户端\12UDP组播客户端.vcxproj", "{66974CE2-2D11-4979-A39F-EC0905CCEA7B}"
EndProject
Global
	GlobalSection(SolutionConfigurationPlatforms) = preSolution
		Debug|ARM = Debug|ARM
		Debug|ARM64 = Debug|ARM64
		Debug|x64 = Debug|x64
		Debug|x86 = Debug|x86
		Release|ARM = Release|ARM
		Release|ARM64 = Release|ARM64
		Release|x64 = Release|x64
		Release|x86 = Release|x86
	EndGlobalSection
	GlobalSection(ProjectConfigurationPlatforms) = postSolution
		{C45FB8D5-CC48-4D59-A483-F1B0331D1AE8}.Debug|ARM.ActiveCfg = Debug|ARM
		{C45FB8D5-CC48-4D59-A483-F1B0331D1AE8}.Debug|ARM.Build.0 = Debug|ARM
		{C45FB8D5-CC48-4D59-A483-F1B0331D1AE8}.Debug|ARM64.ActiveCfg = Debug|ARM64
		{C45FB8D5-CC48-4D59-A483-F1B0331D1AE8}.Debug|ARM64.Build.0 = Debug|ARM64
		{C45FB8D5-CC48-4D59-A483-F1B0331D1AE8}.Debug|x64.ActiveCfg = Debug|x64
		{C45FB8D5-CC48-4D59-A483-F1B0331D1AE8}.Debug|x64.Build.0 = Debug|x64
		{C45FB8D5-CC48-4D59-A483-F1B0331D1AE8}.Debug|x86.ActiveCfg = Debug|x86
		{C45FB8D5-CC48-4D59-A483-F1B0331D1AE8}.Debug|x86.Build.0 = Debug|x86
		{C45FB8D5-CC48-4D59-A483-F1B0331D1AE8}.Release|ARM.ActiveCfg = Release|ARM
		{C45FB8D5-CC48-4D59-A483-F1B0331D1AE8}.Release|ARM.Build.0 = Release|ARM
		{C45FB8D5-CC48-4D59-A483-F1B0331D1AE8}.Release|ARM64.ActiveCfg = Release|ARM64
		{C45FB8D5-CC48-4D59-A483-F1B0331D1AE8}.Release|ARM64.Build.0 = Release|ARM64
		{C45FB8D5-CC48-4D59-A483-F1B0331D1AE8}.Release|x64.ActiveCfg = Release|x64
		{C45FB8D5-CC48-4D59-A483-F1B0331D1AE8}.Release|x64.Build.0 = Release|x64
		{C45FB8D5-CC48-4D59-A483-F1B0331D1AE8}.Release|x86.ActiveCfg = Release|x86
		{C45FB8D5-CC48-4D59-A483-F1B0331D1AE8}.Release|x86.Build.0 = Release|x86
		{5B1DEF0C-4AE4-4C8C-9AD8-6767DEF3365A}.Debug|ARM.ActiveCfg = Debug|ARM
		{5B1DEF0C-4AE4-4C8C-9AD8-6767DEF3365A}.Debug|ARM.Build.0 = Debug|ARM
		{5B1DEF0C-4AE4-4C8C-9AD8-6767DEF3365A}.Debug|ARM64.ActiveCfg = Debug|ARM64
		{5B1DEF0C-4AE4-4C8C-9AD8-6767DEF3365A}.Debug|ARM64.Build.0 = Debug|ARM64
		{5B1DEF0C-4AE4-4C8C-9AD8-6767DEF3365A}.Debug|x64.ActiveCfg = Debug|x64
		{5B1DEF0C-4AE4-4C8C-9AD8-6767DEF3365A}.Debug|x64.Build.0 = Debug|x64
		{5B1DEF0C-4AE4-4C8C-9AD8-6767DEF3365A}.Debug|x86.ActiveCfg = Debug|x86
		{5B1DEF0C-4AE4-4C8C-9AD8-6767DEF3365A}.Debug|x86.Build.0 = Debug|x86
		{5B1DEF0C-4AE4-4C8C-9AD8-6767DEF3365A}.Release|ARM.ActiveCfg = Release|ARM
		{5B1DEF0C-4AE4-4C8C-9AD8-6767DEF3365A}.Release|ARM.Build.0 = Release|ARM
		{5B1DEF0C-4AE4-4C8C-9AD8-6767DEF3365A}.Release|ARM64.ActiveCfg = Release|ARM64
		{5B1DEF0C-4AE4-4C8C-9AD8-6767DEF3365A}.Release|ARM64.Build.0 = Release|ARM64
		{5B1DEF0C-4AE4-4C8C-9AD8-6767DEF3365A}.Release|x64.ActiveCfg = Release|x64
		{5B1DEF0C-4AE4-4C8C-9AD8-6767DEF3365A}.Release|x64.Build.0 = Release|x64
		{5B1DEF0C-4AE4-4C8C-9AD8-6767DEF3365A}.Release|x86.ActiveCfg = Release|x86
		{5B1DEF0C-4AE4-4C8C-9AD8-6767DEF3365A}.Release|x86.Build.0 = Release|x86
		{E7BB8889-DEBE-4830-9DD6-8A103994C353}.Debug|ARM.ActiveCfg = Debug|ARM
		{E7BB8889-DEBE-4830-9DD6-8A103994C353}.Debug|ARM.Build.0 = Debug|ARM
		{E7BB8889-DEBE-4830-9DD6-8A103994C353}.Debug|ARM64.ActiveCfg = Debug|ARM64
		{E7BB8889-DEBE-4830-9DD6-8A103994C353}.Debug|ARM64.Build.0 = Debug|ARM64
		{E7BB8889-DEBE-4830-9DD6-8A103994C353}.Debug|x64.ActiveCfg = Debug|x64
		{E7BB8889-DEBE-4830-9DD6-8A103994C353}.Debug|x64.Build.0 = Debug|x64
		{E7BB8889-DEBE-4830-9DD6-8A103994C353}.Debug|x86.ActiveCfg = Debug|x86
		{E7BB8889-DEBE-4830-9DD6-8A103994C353}.Debug|x86.Build.0 = Debug|x86
		{E7BB8889-DEBE-4830-9DD6-8A103994C353}.Release|ARM.ActiveCfg = Release|ARM
		{E7BB8889-DEBE-4830-9DD6-8A103994C353}.Release|ARM.Build.0 = Release|ARM
		{E7BB8889-DEBE-4830-9DD6-8A103994C353}.Release|ARM64.ActiveCfg = Release|ARM64
		{E7BB8889-DEBE-4830-9DD6-8A103994C353}.Release|ARM64.Build.0 = Release|ARM64
		{E7BB8889-DEBE-4830-9DD6-8A103994C353}.Release|x64.ActiveCfg = Release|x64
		{E7BB8889-DEBE-4830-9DD6-8A103994C353}.Release|x64.Build.0 = Release|x64
		{E7BB8889-DEBE-4830-9DD6-8A103994C353}.Release|x86.ActiveCfg = Release|x86
		{E7BB8889-DEBE-4830-9DD6-8A103994C353}.Release|x86.Build.0 = Release|x86
		{204EC705-D0B2-4C02-8770-F721B6596042}.Debug|ARM.ActiveCfg = Debug|ARM
		{204EC705-D0B2-4C02-8770-F721B6596042}.Debug|ARM.Build.0 = Debug|ARM
		{204EC705-D0B2-4C02-8770-F721B6596042}.Debug|ARM64.ActiveCfg = Debug|ARM64
		{204EC705-D0B2-4C02-8770-F721B6596042}.Debug|ARM64.Build.0 = Debug|ARM64
		{204EC705-D0B2-4C02-8770-F721B6596042}.Debug|x64.ActiveCfg = Debug|x64
		{204EC705-D0B2-4C02-8770-F721B6596042}.Debug|x64.Build.0 = Debug|x64
		{204EC705-D0B2-4C02-8770-F721B6596042}.Debug|x86.ActiveCfg = Debug|x86
		{204EC705-D0B2-4C02-8770-F721B6596042}.Debug|x86.Build.0 = Debug|x86
		{204EC705-D0B2-4C02-8770-F721B6596042}.Release|ARM.ActiveCfg = Release|ARM
		{204EC705-D0B2-4C02-8770-F721B6596042}.Release|ARM.Build.0 = Release|ARM
		{204EC705-D0B2-4C02-8770-F721B6596042}.Release|ARM64.ActiveCfg = Release|ARM64
		{204EC705-D0B2-4C02-8770-F721B6596042}.Release|ARM64.Build.0 = Release|ARM64
		{204EC705-D0B2-4C02-8770-F721B6596042}.Release|x64.ActiveCfg = Release|x64
		{204EC705-D0B2-4C02-8770-F721B6596042}.Release|x64.Build.0 = Release|x64
		{204EC705-D0B2-4C02-8770-F721B6596042}.Release|x86.ActiveCfg = Release|x86
		{204EC705-D0B2-4C02-8770-F721B6596042}.Release|x86.Build.0 = Release|x86
		{D047501E-348C-4C69-A8E7-38CEA396719E}.Debug|ARM.ActiveCfg = Debug|ARM
		{D047501E-348C-4C69-A8E7-38CEA396719E}.Debug|ARM.Build.0 = Debug|ARM
		{D047501E-348C-4C69-A8E7-38CEA396719E}.Debug|ARM64.ActiveCfg = Debug|ARM64
		{D047501E-348C-4C69-A8E7-38CEA396719E}.Debug|ARM64.Build.0 = Debug|ARM64
		{D047501E-348C-4C69-A8E7-38CEA396719E}.Debug|x64.ActiveCfg = Debug|x64
		{D047501E-348C-4C69-A8E7-38CEA396719E}.Debug|x64.Build.0 = Debug|x64
		{D047501E-348C-4C69-A8E7-38CEA396719E}.Debug|x86.ActiveCfg = Debug|x86
		{D047501E-348C-4C69-A8E7-38CEA396719E}.Debug|x86.Build.0 = Debug|x86
		{D047501E-348C-4C69-A8E7-38CEA396719E}.Release|ARM.ActiveCfg = Release|ARM
		{D047501E-348C-4C69-A8E7-38CEA396719E}.Release|ARM.Build.0 = Release|ARM
		{D047501E-348C-4C69-A8E7-38CEA396719E}.Release|ARM64.ActiveCfg = Release|ARM64
		{D047501E-348C-4C69-A8E7-38CEA396719E}.Release|ARM64.Build.0 = Release|ARM64
		{D047501E-348C-4C69-A8E7-38CEA396719E}.Release|x64.ActiveCfg = Release|x64
		{D047501E-348C-4C69-A8E7-38CEA396719E}.Release|x64.Build.0 = Release|x64
		{D047501E-348C-4C69-A8E7-38CEA396719E}.Release|x86.ActiveCfg = Release|x86
		{D047501E-348C-4C69-A8E7-38CEA396719E}.Release|x86.Build.0 = Release|x86
		{BBCED02C-A86E-4637-9C76-734C1408F068}.Debug|ARM.ActiveCfg = Debug|ARM
		{BBCED02C-A86E-4637-9C76-734C1408F068}.Debug|ARM.Build.0 = Debug|ARM
		{BBCED02C-A86E-4637-9C76-734C1408F068}.Debug|ARM64.ActiveCfg = Debug|ARM64
		{BBCED02C-A86E-4637-9C76-734C1408F068}.Debug|ARM64.Build.0 = Debug|ARM64
		{BBCED02C-A86E-4637-9C76-734C1408F068}.Debug|x64.ActiveCfg = Debug|x64
		{BBCED02C-A86E-4637-9C76-734C1408F068}.Debug|x64.Build.0 = Debug|x64
		{BBCED02C-A86E-4637-9C76-734C1408F068}.Debug|x86.ActiveCfg = Debug|x86
		{BBCED02C-A86E-4637-9C76-734C1408F068}.Debug|x86.Build.0 = Debug|x86
		{BBCED02C-A86E-4637-9C76-734C1408F068}.Release|ARM.ActiveCfg = Release|ARM
		{BBCED02C-A86E-4637-9C76-734C1408F068}.Release|ARM.Build.0 = Release|ARM
		{BBCED02C-A86E-4637-9C76-734C1408F068}.Release|ARM64.ActiveCfg = Release|ARM64
		{BBCED02C-A86E-4637-9C76-734C1408F068}.Release|ARM64.Build.0 = Release|ARM64
		{BBCED02C-A86E-4637-9C76-734C1408F068}.Release|x64.ActiveCfg = Release|x64
		{BBCED02C-A86E-4637-9C76-734C1408F068}.Release|x64.Build.0 = Release|x64
		{BBCED02C-A86E-4637-9C76-734C1408F068}.Release|x86.ActiveCfg = Release|x86
		{BBCED02C-A86E-4637-9C76-734C1408F068}.Release|x86.Build.0 = Release|x86
		{153DF86A-4B5F-4474-BFAA-A0C41F3C1439}.Debug|ARM.ActiveCfg = Debug|ARM
		{153DF86A-4B5F-4474-BFAA-A0C41F3C1439}.Debug|ARM.Build.0 = Debug|ARM
		{153DF86A-4B5F-4474-BFAA-A0C41F3C1439}.Debug|ARM64.ActiveCfg = Debug|ARM64
		{153DF86A-4B5F-4474-BFAA-A0C41F3C1439}.Debug|ARM64.Build.0 = Debug|ARM64
		{153DF86A-4B5F-4474-BFAA-A0C41F3C1439}.Debug|x64.ActiveCfg = Debug|x64
		{153DF86A-4B5F-4474-BFAA-A0C41F3C1439}.Debug|x64.Build.0 = Debug|x64
		{153DF86A-4B5F-4474-BFAA-A0C41F3C1439}.Debug|x86.ActiveCfg = Debug|x86
		{153DF86A-4B5F-4474-BFAA-A0C41F3C1439}.Debug|x86.Build.0 = Debug|x86
		{153DF86A-4B5F-4474-BFAA-A0C41F3C1439}.Release|ARM.ActiveCfg = Release|ARM
		{153DF86A-4B5F-4474-BFAA-A0C41F3C1439}.Release|ARM.Build.0 = Release|ARM
		{153DF86A-4B5F-4474-BFAA-A0C41F3C1439}.Release|ARM64.ActiveCfg = Release|ARM64
		{153DF86A-4B5F-4474-BFAA-A0C41F3C1439}.Release|ARM64.Build.0 = Release|ARM64
		{153DF86A-4B5F-4474-BFAA-A0C41F3C1439}.Release|x64.ActiveCfg = Release|x64
		{153DF86A-4B5F-4474-BFAA-A0C41F3C1439}.Release|x64.Build.0 = Release|x64
		{153DF86A-4B5F-4474-BFAA-A0C41F3C1439}.Release|x86.ActiveCfg = Release|x86
		{153DF86A-4B5F-4474-BFAA-A0C41F3C1439}.Release|x86.Build.0 = Release|x86
		{8315322F-66A6-4750-88B2-88E4A8F4FBCF}.Debug|ARM.ActiveCfg = Debug|ARM
		{8315322F-66A6-4750-88B2-88E4A8F4FBCF}.Debug|ARM.Build.0 = Debug|ARM
		{8315322F-66A6-4750-88B2-88E4A8F4FBCF}.Debug|ARM64.ActiveCfg = Debug|ARM64
		{8315322F-66A6-4750-88B2-88E4A8F4FBCF}.Debug|ARM64.Build.0 = Debug|ARM64
		{8315322F-66A6-4750-88B2-88E4A8F4FBCF}.Debug|x64.ActiveCfg = Debug|x64
		{8315322F-66A6-4750-88B2-88E4A8F4FBCF}.Debug|x64.Build.0 = Debug|x64
		{8315322F-66A6-4750-88B2-88E4A8F4FBCF}.Debug|x86.ActiveCfg = Debug|x86
		{8315322F-66A6-4750-88B2-88E4A8F4FBCF}.Debug|x86.Build.0 = Debug|x86
		{8315322F-66A6-4750-88B2-88E4A8F4FBCF}.Release|ARM.ActiveCfg = Release|ARM
		{8315322F-66A6-4750-88B2-88E4A8F4FBCF}.Release|ARM.Build.0 = Release|ARM
		{8315322F-66A6-4750-88B2-88E4A8F4FBCF}.Release|ARM64.ActiveCfg = Release|ARM64
		{8315322F-66A6-4750-88B2-88E4A8F4FBCF}.Release|ARM64.Build.0 = Release|ARM64
		{8315322F-66A6-4750-88B2-88E4A8F4FBCF}.Release|x64.ActiveCfg = Release|x64
		{8315322F-66A6-4750-88B2-88E4A8F4FBCF}.Release|x64.Build.0 = Release|x64
		{8315322F-66A6-4750-88B2-88E4A8F4FBCF}.Release|x86.ActiveCfg = Release|x86
		{8315322F-66A6-4750-88B2-88E4A8F4FBCF}.Release|x86.Build.0 = Release|x86
		{CA1E57F0-80A4-433F-8DF5-FE469321C8DD}.Debug|ARM.ActiveCfg = Debug|ARM
		{CA1E57F0-80A4-433F-8DF5-FE469321C8DD}.Debug|ARM.Build.0 = Debug|ARM
		{CA1E57F0-80A4-433F-8DF5-FE469321C8DD}.Debug|ARM64.ActiveCfg = Debug|ARM64
		{CA1E57F0-80A4-433F-8DF5-FE469321C8DD}.Debug|ARM64.Build.0 = Debug|ARM64
		{CA1E57F0-80A4-433F-8DF5-FE469321C8DD}.Debug|x64.ActiveCfg = Debug|x64
		{CA1E57F0-80A4-433F-8DF5-FE469321C8DD}.Debug|x64.Build.0 = Debug|x64
		{CA1E57F0-80A4-433F-8DF5-FE469321C8DD}.Debug|x86.ActiveCfg = Debug|x86
		{CA1E57F0-80A4-433F-8DF5-FE469321C8DD}.Debug|x86.Build.0 = Debug|x86
		{CA1E57F0-80A4-433F-8DF5-FE469321C8DD}.Release|ARM.ActiveCfg = Release|ARM
		{CA1E57F0-80A4-433F-8DF5-FE469321C8DD}.Release|ARM.Build.0 = Release|ARM
		{CA1E57F0-80A4-433F-8DF5-FE469321C8DD}.Release|ARM64.ActiveCfg = Release|ARM64
		{CA1E57F0-80A4-433F-8DF5-FE469321C8DD}.Release|ARM64.Build.0 = Release|ARM64
		{CA1E57F0-80A4-433F-8DF5-FE469321C8DD}.Release|x64.ActiveCfg = Release|x64
		{CA1E57F0-80A4-433F-8DF5-FE469321C8DD}.Release|x64.Build.0 = Release|x64
		{CA1E57F0-80A4-433F-8DF5-FE469321C8DD}.Release|x86.ActiveCfg = Release|x86
		{CA1E57F0-80A4-433F-8DF5-FE469321C8DD}.Release|x86.Build.0 = Release|x86
		{04C0A87B-D322-4F0C-AE82-7D3187E5FFE8}.Debug|ARM.ActiveCfg = Debug|ARM
		{04C0A87B-D322-4F0C-AE82-7D3187E5FFE8}.Debug|ARM.Build.0 = Debug|ARM
		{04C0A87B-D322-4F0C-AE82-7D3187E5FFE8}.Debug|ARM64.ActiveCfg = Debug|ARM64
		{04C0A87B-D322-4F0C-AE82-7D3187E5FFE8}.Debug|ARM64.Build.0 = Debug|ARM64
		{04C0A87B-D322-4F0C-AE82-7D3187E5FFE8}.Debug|x64.ActiveCfg = Debug|x64
		{04C0A87B-D322-4F0C-AE82-7D3187E5FFE8}.Debug|x64.Build.0 = Debug|x64
		{04C0A87B-D322-4F0C-AE82-7D3187E5FFE8}.Debug|x86.ActiveCfg = Debug|x86
		{04C0A87B-D322-4F0C-AE82-7D3187E5FFE8}.Debug|x86.Build.0 = Debug|x86
		{04C0A87B-D322-4F0C-AE82-7D3187E5FFE8}.Release|ARM.ActiveCfg = Release|ARM
		{04C0A87B-D322-4F0C-AE82-7D3187E5FFE8}.Release|ARM.Build.0 = Release|ARM
		{04C0A87B-D322-4F0C-AE82-7D3187E5FFE8}.Release|ARM64.ActiveCfg = Release|ARM64
		{04C0A87B-D322-4F0C-AE82-7D3187E5FFE8}.Release|ARM64.Build.0 = Release|ARM64
		{04C0A87B-D322-4F0C-AE82-7D3187E5FFE8}.Release|x64.ActiveCfg = Release|x64
		{04C0A87B-D322-4F0C-AE82-7D3187E5FFE8}.Release|x64.Build.0 = Release|x64
		{04C0A87B-D322-4F0C-AE82-7D3187E5FFE8}.Release|x86.ActiveCfg = Release|x86
		{04C0A87B-D322-4F0C-AE82-7D3187E5FFE8}.Release|x86.Build.0 = Release|x86
		{C1EC4BDC-58F6-403A-B135-9870A95071C2}.Debug|ARM.ActiveCfg = Debug|ARM
		{C1EC4BDC-58F6-403A-B135-9870A95071C2}.Debug|ARM.Build.0 = Debug|ARM
		{C1EC4BDC-58F6-403A-B135-9870A95071C2}.Debug|ARM64.ActiveCfg = Debug|ARM64
		{C1EC4BDC-58F6-403A-B135-9870A95071C2}.Debug|ARM64.Build.0 = Debug|ARM64
		{C1EC4BDC-58F6-403A-B135-9870A95071C2}.Debug|x64.ActiveCfg = Debug|x64
		{C1EC4BDC-58F6-403A-B135-9870A95071C2}.Debug|x64.Build.0 = Debug|x64
		{C1EC4BDC-58F6-403A-B135-9870A95071C2}.Debug|x86.ActiveCfg = Debug|x86
		{C1EC4BDC-58F6-403A-B135-9870A95071C2}.Debug|x86.Build.0 = Debug|x86
		{C1EC4BDC-58F6-403A-B135-9870A95071C2}.Release|ARM.ActiveCfg = Release|ARM
		{C1EC4BDC-58F6-403A-B135-9870A95071C2}.Release|ARM.Build.0 = Release|ARM
		{C1EC4BDC-58F6-403A-B135-9870A95071C2}.Release|ARM64.ActiveCfg = Release|ARM64
		{C1EC4BDC-58F6-403A-B135-9870A95071C2}.Release|ARM64.Build.0 = Release|ARM64
		{C1EC4BDC-58F6-403A-B135-9870A95071C2}.Release|x64.ActiveCfg = Release|x64
		{C1EC4BDC-58F6-403A-B135-9870A95071C2}.Release|x64.Build.0 = Release|x64
		{C1EC4BDC-58F6-403A-B135-9870A95071C2}.Release|x86.ActiveCfg = Release|x86
		{C1EC4BDC-58F6-403A-B135-9870A95071C2}.Release|x86.Build.0 = Release|x86
		{66974CE2-2D11-4979-A39F-EC0905CCEA7B}.Debug|ARM.ActiveCfg = Debug|ARM
		{66974CE2-2D11-4979-A39F-EC0905CCEA7B}.Debug|ARM.Build.0 = Debug|ARM
		{66974CE2-2D11-4979-A39F-EC0905CCEA7B}.Debug|ARM64.ActiveCfg = Debug|ARM64
		{66974CE2-2D11-4979-A39F-EC0905CCEA7B}.Debug|ARM64.Build.0 = Debug|ARM64
		{66974CE2-2D11-4979-A39F-EC0905CCEA7B}.Debug|x64.ActiveCfg = Debug|x64
		{66974CE2-2D11-4979-A39F-EC0905CCEA7B}.Debug|x64.Build.0 = Debug|x64
		{66974CE2-2D11-4979-A39F-EC0905CCEA7B}.Debug|x86.ActiveCfg = Debug|x86
		{66974CE2-2D11-4979-A39F-EC0905CCEA7B}.Debug|x86.Build.0 = Debug|x86
		{66974CE2-2D11-4979-A39F-EC0905CCEA7B}.Release|ARM.ActiveCfg = Release|ARM
		{66974CE2-2D11-4979-A39F-EC0905CCEA7B}.Release|ARM.Build.0 = Release|ARM
		{66974CE2-2D11-4979-A39F-EC0905CCEA7B}.Release|ARM64.ActiveCfg = Release|ARM64
		{66974CE2-2D11-4979-A39F-EC0905CCEA7B}.Release|ARM64.Build.0 = Release|ARM64
		{66974CE2-2D11-4979-A39F-EC0905CCEA7B}.Release|x64.ActiveCfg = Release|x64
		{66974CE2-2D11-4979-A39F-EC0905CCEA7B}.Release|x64.Build.0 = Release|x64
		{66974CE2-2D11-4979-A39F-EC0905CCEA7B}.Release|x86.ActiveCfg = Release|x86
		{66974CE2-2D11-4979-A39F-EC0905CCEA7B}.Release|x86.Build.0 = Release|x86
	EndGlobalSection
	GlobalSection(SolutionProperties) = preSolution
		HideSolutionNode = FALSE
	EndGlobalSection
	GlobalSection(ExtensibilityGlobals) = postSolution
		SolutionGuid = {76CE11FB-A30F-498F-B85D-12685E5BA278}
	EndGlobalSection
EndGlobal
